
Microsoft Visual Studio Solution File, Format Version 12.00
# Visual Studio Version 17
VisualStudioVersion = 17.4.33205.214
MinimumVisualStudioVersion = 10.0.40219.1
Project("{FAE04EC0-301F-11D3-BF4B-00C04F79EFBC}") = "UdemyCource", "UdemyCource\UdemyCource.csproj", "{75005F32-D777-40E9-916E-4FFDAA032A69}"
EndProject
Global
	GlobalSection(SolutionConfigurationPlatforms) = preSolution
		Debug|Any CPU = Debug|Any CPU
		Release|Any CPU = Release|Any CPU
	EndGlobalSection
	GlobalSection(ProjectConfigurationPlatforms) = postSolution
		{75005F32-D777-40E9-916E-4FFDAA032A69}.Debug|Any CPU.ActiveCfg = Debug|Any CPU
		{75005F32-D777-40E9-916E-4FFDAA032A69}.Debug|Any CPU.Build.0 = Debug|Any CPU
		{75005F32-D777-40E9-916E-4FFDAA032A69}.Release|Any CPU.ActiveCfg = Release|Any CPU
		{75005F32-D777-40E9-916E-4FFDAA032A69}.Release|Any CPU.Build.0 = Release|Any CPU
	EndGlobalSection
	GlobalSection(SolutionProperties) = preSolution
		HideSolutionNode = FALSE
	EndGlobalSection
	GlobalSection(ExtensibilityGlobals) = postSolution
		SolutionGuid = {A2D453DA-C72B-4CEE-A5FE-560745EEBDBA}
	EndGlobalSection
EndGlobal
